
Microsoft Visual Studio Solution File, Format Version 12.00
# Visual Studio Version 16
VisualStudioVersion = 16.0.31410.357
MinimumVisualStudioVersion = 10.0.40219.1
Project("{FAE04EC0-301F-11D3-BF4B-00C04F79EFBC}") = "RMDataManager", "RMDataManager\RMDataManager.csproj", "{2122A608-E261-4275-A73C-E8CC6BE664D3}"
EndProject
Project("{00D1A9C2-B5F0-4AF3-8072-F6C62B433612}") = "RMData", "RMData\RMData.sqlproj", "{4A3751EC-F221-49D9-B171-C140A37D8173}"
EndProject
Project("{FAE04EC0-301F-11D3-BF4B-00C04F79EFBC}") = "RMDesktopUI", "RMDesktopUI\RMDesktopUI.csproj", "{4F3BB59A-4ADF-4011-B7C6-A5A577CF4237}"
EndProject
Project("{FAE04EC0-301F-11D3-BF4B-00C04F79EFBC}") = "RMDataManager.Library", "RMDataManager.Library\RMDataManager.Library.csproj", "{586AE27C-81A5-44B8-92A4-4A9835677E15}"
EndProject
Global
	GlobalSection(SolutionConfigurationPlatforms) = preSolution
		Debug|Any CPU = Debug|Any CPU
		Release|Any CPU = Release|Any CPU
	EndGlobalSection
	GlobalSection(ProjectConfigurationPlatforms) = postSolution
		{2122A608-E261-4275-A73C-E8CC6BE664D3}.Debug|Any CPU.ActiveCfg = Debug|Any CPU
		{2122A608-E261-4275-A73C-E8CC6BE664D3}.Debug|Any CPU.Build.0 = Debug|Any CPU
		{2122A608-E261-4275-A73C-E8CC6BE664D3}.Release|Any CPU.ActiveCfg = Release|Any CPU
		{2122A608-E261-4275-A73C-E8CC6BE664D3}.Release|Any CPU.Build.0 = Release|Any CPU
		{4A3751EC-F221-49D9-B171-C140A37D8173}.Debug|Any CPU.ActiveCfg = Debug|Any CPU
		{4A3751EC-F221-49D9-B171-C140A37D8173}.Debug|Any CPU.Build.0 = Debug|Any CPU
		{4A3751EC-F221-49D9-B171-C140A37D8173}.Debug|Any CPU.Deploy.0 = Debug|Any CPU
		{4A3751EC-F221-49D9-B171-C140A37D8173}.Release|Any CPU.ActiveCfg = Release|Any CPU
		{4A3751EC-F221-49D9-B171-C140A37D8173}.Release|Any CPU.Build.0 = Release|Any CPU
		{4A3751EC-F221-49D9-B171-C140A37D8173}.Release|Any CPU.Deploy.0 = Release|Any CPU
		{4F3BB59A-4ADF-4011-B7C6-A5A577CF4237}.Debug|Any CPU.ActiveCfg = Debug|Any CPU
		{4F3BB59A-4ADF-4011-B7C6-A5A577CF4237}.Debug|Any CPU.Build.0 = Debug|Any CPU
		{4F3BB59A-4ADF-4011-B7C6-A5A577CF4237}.Release|Any CPU.ActiveCfg = Release|Any CPU
		{4F3BB59A-4ADF-4011-B7C6-A5A577CF4237}.Release|Any CPU.Build.0 = Release|Any CPU
		{586AE27C-81A5-44B8-92A4-4A9835677E15}.Debug|Any CPU.ActiveCfg = Debug|Any CPU
		{586AE27C-81A5-44B8-92A4-4A9835677E15}.Debug|Any CPU.Build.0 = Debug|Any CPU
		{586AE27C-81A5-44B8-92A4-4A9835677E15}.Release|Any CPU.ActiveCfg = Release|Any CPU
		{586AE27C-81A5-44B8-92A4-4A9835677E15}.Release|Any CPU.Build.0 = Release|Any CPU
	EndGlobalSection
	GlobalSection(SolutionProperties) = preSolution
		HideSolutionNode = FALSE
	EndGlobalSection
	GlobalSection(ExtensibilityGlobals) = postSolution
		SolutionGuid = {9F7B7D3A-BDFE-44CE-A923-93E82E0120FC}
	EndGlobalSection
EndGlobal
